
Microsoft Visual Studio Solution File, Format Version 12.00
# Visual Studio Version 17
VisualStudioVersion = 17.0.31710.8
MinimumVisualStudioVersion = 10.0.40219.1
Project("{9A19103F-16F7-4668-BE54-9A1E7A4F7556}") = "Api", "Api\Api.csproj", "{BF135C8B-9968-4D38-9FBF-240642B2FF45}"
EndProject
Project("{9A19103F-16F7-4668-BE54-9A1E7A4F7556}") = "MVC", "MVC\MVC.csproj", "{C18E372D-151A-488B-BBA0-23FB5C96C1C9}"
EndProject
Project("{9A19103F-16F7-4668-BE54-9A1E7A4F7556}") = "ApiModelBinding", "ApiModelBinding\ApiModelBinding.csproj", "{1FBB697A-2FDA-4619-B710-D17B2731232C}"
EndProject
Project("{9A19103F-16F7-4668-BE54-9A1E7A4F7556}") = "ApiVariant", "ApiVariant\ApiVariant.csproj", "{7FBC1C6C-C4C8-4552-BD2A-DDB338D1C6A6}"
EndProject
Global
	GlobalSection(SolutionConfigurationPlatforms) = preSolution
		Debug|Any CPU = Debug|Any CPU
		Release|Any CPU = Release|Any CPU
	EndGlobalSection
	GlobalSection(ProjectConfigurationPlatforms) = postSolution
		{BF135C8B-9968-4D38-9FBF-240642B2FF45}.Debug|Any CPU.ActiveCfg = Debug|Any CPU
		{BF135C8B-9968-4D38-9FBF-240642B2FF45}.Debug|Any CPU.Build.0 = Debug|Any CPU
		{BF135C8B-9968-4D38-9FBF-240642B2FF45}.Release|Any CPU.ActiveCfg = Release|Any CPU
		{BF135C8B-9968-4D38-9FBF-240642B2FF45}.Release|Any CPU.Build.0 = Release|Any CPU
		{C18E372D-151A-488B-BBA0-23FB5C96C1C9}.Debug|Any CPU.ActiveCfg = Debug|Any CPU
		{C18E372D-151A-488B-BBA0-23FB5C96C1C9}.Debug|Any CPU.Build.0 = Debug|Any CPU
		{C18E372D-151A-488B-BBA0-23FB5C96C1C9}.Release|Any CPU.ActiveCfg = Release|Any CPU
		{C18E372D-151A-488B-BBA0-23FB5C96C1C9}.Release|Any CPU.Build.0 = Release|Any CPU
		{1FBB697A-2FDA-4619-B710-D17B2731232C}.Debug|Any CPU.ActiveCfg = Debug|Any CPU
		{1FBB697A-2FDA-4619-B710-D17B2731232C}.Debug|Any CPU.Build.0 = Debug|Any CPU
		{1FBB697A-2FDA-4619-B710-D17B2731232C}.Release|Any CPU.ActiveCfg = Release|Any CPU
		{1FBB697A-2FDA-4619-B710-D17B2731232C}.Release|Any CPU.Build.0 = Release|Any CPU
		{7FBC1C6C-C4C8-4552-BD2A-DDB338D1C6A6}.Debug|Any CPU.ActiveCfg = Debug|Any CPU
		{7FBC1C6C-C4C8-4552-BD2A-DDB338D1C6A6}.Debug|Any CPU.Build.0 = Debug|Any CPU
		{7FBC1C6C-C4C8-4552-BD2A-DDB338D1C6A6}.Release|Any CPU.ActiveCfg = Release|Any CPU
		{7FBC1C6C-C4C8-4552-BD2A-DDB338D1C6A6}.Release|Any CPU.Build.0 = Release|Any CPU
	EndGlobalSection
	GlobalSection(SolutionProperties) = preSolution
		HideSolutionNode = FALSE
	EndGlobalSection
	GlobalSection(ExtensibilityGlobals) = postSolution
		SolutionGuid = {DD453762-E78F-4C8B-B3DF-7337FA8CCD70}
	EndGlobalSection
EndGlobal
